
Microsoft Visual Studio Solution File, Format Version 12.00
# Visual Studio Version 16
VisualStudioVersion = 16.0.30717.126
MinimumVisualStudioVersion = 10.0.40219.1
Project("{FAE04EC0-301F-11D3-BF4B-00C04F79EFBC}") = "WSR16", "WSR16\WSR16.csproj", "{0E1FF994-4C7B-4103-9314-BCE7BB004FD3}"
EndProject
Global
	GlobalSection(SolutionConfigurationPlatforms) = preSolution
		Debug|Any CPU = Debug|Any CPU
		Release|Any CPU = Release|Any CPU
	EndGlobalSection
	GlobalSection(ProjectConfigurationPlatforms) = postSolution
		{0E1FF994-4C7B-4103-9314-BCE7BB004FD3}.Debug|Any CPU.ActiveCfg = Debug|Any CPU
		{0E1FF994-4C7B-4103-9314-BCE7BB004FD3}.Debug|Any CPU.Build.0 = Debug|Any CPU
		{0E1FF994-4C7B-4103-9314-BCE7BB004FD3}.Release|Any CPU.ActiveCfg = Release|Any CPU
		{0E1FF994-4C7B-4103-9314-BCE7BB004FD3}.Release|Any CPU.Build.0 = Release|Any CPU
	EndGlobalSection
	GlobalSection(SolutionProperties) = preSolution
		HideSolutionNode = FALSE
	EndGlobalSection
	GlobalSection(ExtensibilityGlobals) = postSolution
		SolutionGuid = {5AD21C09-E3CD-4089-930D-9EBE61D7869F}
	EndGlobalSection
EndGlobal
